<?xml version="1.0" encoding="utf-8"?>
<Project ToolsVersion="4.0" xmlns="http://schemas.microsoft.com/developer/msbuild/2003">
  <ItemGroup>
    <Filter Include="Source Files">
      <UniqueIdentifier>{4FC737F1-C7A5-4376-A066-2A32D752A2FF}</UniqueIdentifier>
      <Extensions>cpp;c;cc;cxx;def;odl;idl;hpj;bat;asm;asmx</Extensions>
    </Filter>
    <Filter Include="Header Files">
      <UniqueIdentifier>{93995380-89BD-4b04-88EB-625FBE52EBFB}</UniqueIdentifier>
      <Extensions>h;hh;hpp;hxx;hm;inl;inc;ipp;xsd</Extensions>
    </Filter>
    <Filter Include="Resource Files">
      <UniqueIdentifier>{67DA6AB6-F800-4c08-8B7A-83BB121AAD01}</UniqueIdentifier>
      <Extensions>rc;ico;cur;bmp;dlg;rc2;rct;bin;rgs;gif;jpg;jpeg;jpe;resx;tiff;tif;png;wav;mfcribbon-ms</Extensions>
    </Filter>
    <Filter Include="Header Files\Outputs">
      <UniqueIdentifier>{be61a1ea-89fe-4dd7-8eb3-bf156ba224a5}</UniqueIdentifier>
    </Filter>
    <Filter Include="Source Files\Outputs">
      <UniqueIdentifier>{9de868b6-0c29-4ed9-9cf9-41317b6cef49}</UniqueIdentifier>
    </Filter>
    <Filter Include="Header Files\Inputs">
      <UniqueIdentifier>{b057a844-a7e4-44d6-8a51-86797645a805}</UniqueIdentifier>
    </Filter>
    <Filter Include="Source Files\Inputs">
      <UniqueIdentifier>{7459db37-2b7c-4a8d-9d82-08d8dd330872}</UniqueIdentifier>
    </Filter>
    <Filter Include="Header Files\Interfaces">
      <UniqueIdentifier>{2f0e9cab-6615-433d-a4ed-e92ff9b24f8c}</UniqueIdentifier>
    </Filter>
  </ItemGroup>
  <ItemGroup>
    <ClCompile Include="InputHelpers.cpp">
      <Filter>Source Files</Filter>
    </ClCompile>
    <ClCompile Include="ThresholdedAnalogInput.cpp">
      <Filter>Source Files\Inputs</Filter>
    </ClCompile>
    <ClCompile Include="IOManager.cpp">
      <Filter>Source Files</Filter>
    </ClCompile>
    <ClCompile Include="GenericDigitalInput.cpp">
      <Filter>Source Files\Inputs</Filter>
    </ClCompile>
    <ClCompile Include="DigitalOutputMonitor.cpp">
      <Filter>Source Files</Filter>
    </ClCompile>
    <ClCompile Include="DigitalIOMonitor.cpp">
      <Filter>Source Files</Filter>
    </ClCompile>
    <ClCompile Include="GenericAnalogInput.cpp">
      <Filter>Source Files\Inputs</Filter>
    </ClCompile>
    <ClCompile Include="Utils.cpp">
      <Filter>Source Files</Filter>
    </ClCompile>
    <ClCompile Include="GenericInverseDigitalOutput.cpp">
      <Filter>Source Files\Outputs</Filter>
    </ClCompile>
    <ClCompile Include="GenericDigitalOutput.cpp">
      <Filter>Source Files\Outputs</Filter>
    </ClCompile>
    <ClCompile Include="AppTaskScheduler.cpp">
      <Filter>Source Files</Filter>
    </ClCompile>
    <ClCompile Include="IP.cpp">
      <Filter>Source Files</Filter>
    </ClCompile>
    <ClCompile Include="IOManagerAnalogInput.cpp">
      <Filter>Source Files</Filter>
    </ClCompile>
    <ClCompile Include="GenericInverseDigitalInput.cpp">
      <Filter>Source Files\Inputs</Filter>
    </ClCompile>
    <ClCompile Include="WiFiBase.cpp">
      <Filter>Source Files</Filter>
    </ClCompile>
    <ClCompile Include="AppContainer.cpp">
      <Filter>Source Files</Filter>
    </ClCompile>
    <ClCompile Include="MACAddress.cpp">
      <Filter>Source Files</Filter>
    </ClCompile>
  </ItemGroup>
  <ItemGroup>
    <ClInclude Include="HardwareEnumerations.h">
      <Filter>Header Files</Filter>
    </ClInclude>
    <ClInclude Include="InputHelpers.h">
      <Filter>Header Files</Filter>
    </ClInclude>
    <ClInclude Include="IoC.h">
      <Filter>Header Files</Filter>
    </ClInclude>
    <ClInclude Include="ThresholdedAnalogInput.h">
      <Filter>Header Files\Inputs</Filter>
    </ClInclude>
    <ClInclude Include="IOManager.h">
      <Filter>Header Files</Filter>
    </ClInclude>
    <ClInclude Include="GenericDigitalInput.h">
      <Filter>Header Files\Inputs</Filter>
    </ClInclude>
    <ClInclude Include="GenericDigitalOutput.h">
      <Filter>Header Files\Outputs</Filter>
    </ClInclude>
    <ClInclude Include="DigitalOutputMonitor.h">
      <Filter>Header Files</Filter>
    </ClInclude>
    <ClInclude Include="Utils.h">
      <Filter>Header Files</Filter>
    </ClInclude>
    <ClInclude Include="LogLevel.h">
      <Filter>Header Files</Filter>
    </ClInclude>
    <ClInclude Include="LoggerManager.h">
      <Filter>Header Files</Filter>
    </ClInclude>
    <ClInclude Include="DigitalIOMonitor.h">
      <Filter>Header Files</Filter>
    </ClInclude>
    <ClInclude Include="GenericAnalogInput.h">
      <Filter>Header Files\Inputs</Filter>
    </ClInclude>
    <ClInclude Include="GenericInverseDigitalOutput.h">
      <Filter>Header Files\Outputs</Filter>
    </ClInclude>
    <ClInclude Include="GenericDigitalOutputBase.h">
      <Filter>Header Files\Outputs</Filter>
    </ClInclude>
    <ClInclude Include="IAnalogInput.h">
      <Filter>Header Files\Interfaces</Filter>
    </ClInclude>
    <ClInclude Include="IAnalogIO.h">
      <Filter>Header Files\Interfaces</Filter>
    </ClInclude>
    <ClInclude Include="IAnalogIOListener.h">
      <Filter>Header Files\Interfaces</Filter>
    </ClInclude>
    <ClInclude Include="IApp.h">
      <Filter>Header Files\Interfaces</Filter>
    </ClInclude>
    <ClInclude Include="IDigitalInput.h">
      <Filter>Header Files\Interfaces</Filter>
    </ClInclude>
    <ClInclude Include="IDigitalIO.h">
      <Filter>Header Files\Interfaces</Filter>
    </ClInclude>
    <ClInclude Include="IDigitalIOListeners.h">
      <Filter>Header Files\Interfaces</Filter>
    </ClInclude>
    <ClInclude Include="IDigitalIOMonitor.h">
      <Filter>Header Files\Interfaces</Filter>
    </ClInclude>
    <ClInclude Include="IDigitalOutput.h">
      <Filter>Header Files\Interfaces</Filter>
    </ClInclude>
    <ClInclude Include="IDigitalOutputMonitor.h">
      <Filter>Header Files\Interfaces</Filter>
    </ClInclude>
    <ClInclude Include="ILogger.h">
      <Filter>Header Files\Interfaces</Filter>
    </ClInclude>
    <ClInclude Include="IHardware.h">
      <Filter>Header Files\Interfaces</Filter>
    </ClInclude>
    <ClInclude Include="ILoggerListener.h">
      <Filter>Header Files\Interfaces</Filter>
    </ClInclude>
    <ClInclude Include="IPrinter.h">
      <Filter>Header Files\Interfaces</Filter>
    </ClInclude>
    <ClInclude Include="IRunnable.h">
      <Filter>Header Files\Interfaces</Filter>
    </ClInclude>
    <ClInclude Include="ITaskScheduler.h">
      <Filter>Header Files\Interfaces</Filter>
    </ClInclude>
    <ClInclude Include="IThresholdedAnalogInput.h">
      <Filter>Header Files\Interfaces</Filter>
    </ClInclude>
    <ClInclude Include="IWiFi.h">
      <Filter>Header Files\Interfaces</Filter>
    </ClInclude>
    <ClInclude Include="AppTaskScheduler.h">
      <Filter>Header Files</Filter>
    </ClInclude>
    <ClInclude Include="ILoggerManager.h">
      <Filter>Header Files\Interfaces</Filter>
    </ClInclude>
    <ClInclude Include="IP.h">
      <Filter>Header Files</Filter>
    </ClInclude>
    <ClInclude Include="IOManagerDigitalInput.h">
      <Filter>Header Files</Filter>
    </ClInclude>
    <ClInclude Include="IOManagerAnalogInput.h">
      <Filter>Header Files</Filter>
    </ClInclude>
    <ClInclude Include="IDigitalCounter.h">
      <Filter>Header Files</Filter>
    </ClInclude>
    <ClInclude Include="GenericDigitalInputBase.h">
      <Filter>Header Files\Inputs</Filter>
    </ClInclude>
    <ClInclude Include="GenericInverseDigitalInput.h">
      <Filter>Header Files\Inputs</Filter>
    </ClInclude>
    <ClInclude Include="WiFiBase.h">
      <Filter>Header Files</Filter>
    </ClInclude>
    <ClInclude Include="IAppContainer.h">
      <Filter>Header Files\Interfaces</Filter>
    </ClInclude>
    <ClInclude Include="AppContainer.h">
      <Filter>Header Files</Filter>
    </ClInclude>
    <ClInclude Include="MACAddress.h">
      <Filter>Header Files</Filter>
    </ClInclude>
    <ClInclude Include="IOManagerDigitalIO.h">
      <Filter>Header Files</Filter>
    </ClInclude>
    <ClInclude Include="IOManagerDigitalOutput.h">
      <Filter>Header Files</Filter>
    </ClInclude>
  </ItemGroup>
</Project>