<?xml version="1.0" encoding="utf-8"?>
<Project ToolsVersion="4.0" xmlns="http://schemas.microsoft.com/developer/msbuild/2003">
  <ItemGroup>
    <Filter Include="Source Files">
      <UniqueIdentifier>{4FC737F1-C7A5-4376-A066-2A32D752A2FF}</UniqueIdentifier>
      <Extensions>cpp;c;cc;cxx;def;odl;idl;hpj;bat;asm;asmx</Extensions>
    </Filter>
    <Filter Include="Header Files">
      <UniqueIdentifier>{93995380-89BD-4b04-88EB-625FBE52EBFB}</UniqueIdentifier>
      <Extensions>h;hh;hpp;hxx;hm;inl;inc;ipp;xsd</Extensions>
    </Filter>
    <Filter Include="Resource Files">
      <UniqueIdentifier>{67DA6AB6-F800-4c08-8B7A-83BB121AAD01}</UniqueIdentifier>
      <Extensions>rc;ico;cur;bmp;dlg;rc2;rct;bin;rgs;gif;jpg;jpeg;jpe;resx;tiff;tif;png;wav;mfcribbon-ms</Extensions>
    </Filter>
    <Filter Include="Header Files\Outputs">
      <UniqueIdentifier>{be61a1ea-89fe-4dd7-8eb3-bf156ba224a5}</UniqueIdentifier>
    </Filter>
    <Filter Include="Source Files\Outputs">
      <UniqueIdentifier>{9de868b6-0c29-4ed9-9cf9-41317b6cef49}</UniqueIdentifier>
    </Filter>
    <Filter Include="Header Files\Inputs">
      <UniqueIdentifier>{b057a844-a7e4-44d6-8a51-86797645a805}</UniqueIdentifier>
    </Filter>
    <Filter Include="Source Files\Inputs">
      <UniqueIdentifier>{7459db37-2b7c-4a8d-9d82-08d8dd330872}</UniqueIdentifier>
    </Filter>
    <Filter Include="Header Files\Interfaces">
      <UniqueIdentifier>{2f0e9cab-6615-433d-a4ed-e92ff9b24f8c}</UniqueIdentifier>
    </Filter>
  </ItemGroup>
  <ItemGroup>
    <ClCompile Include="Thing.Core\AppContainer.cpp">
      <Filter>Source Files</Filter>
    </ClCompile>
    <ClCompile Include="Thing.Core\AppTaskScheduler.cpp">
      <Filter>Source Files</Filter>
    </ClCompile>
    <ClCompile Include="Thing.Core\DigitalIOMonitor.cpp">
      <Filter>Source Files</Filter>
    </ClCompile>
    <ClCompile Include="Thing.Core\DigitalOutputMonitor.cpp">
      <Filter>Source Files</Filter>
    </ClCompile>
    <ClCompile Include="Thing.Core\InputHelpers.cpp">
      <Filter>Source Files</Filter>
    </ClCompile>
    <ClCompile Include="Thing.Core\IOManager.cpp">
      <Filter>Source Files</Filter>
    </ClCompile>
    <ClCompile Include="Thing.Core\IOManagerAnalogInput.cpp">
      <Filter>Source Files</Filter>
    </ClCompile>
    <ClCompile Include="Thing.Core\IP.cpp">
      <Filter>Source Files</Filter>
    </ClCompile>
    <ClCompile Include="Thing.Core\MACAddress.cpp">
      <Filter>Source Files</Filter>
    </ClCompile>
    <ClCompile Include="Thing.Core\Utils.cpp">
      <Filter>Source Files</Filter>
    </ClCompile>
    <ClCompile Include="Thing.Core\WiFiBase.cpp">
      <Filter>Source Files</Filter>
    </ClCompile>
    <ClCompile Include="Thing.Core\GenericAnalogInput.cpp">
      <Filter>Source Files\Inputs</Filter>
    </ClCompile>
    <ClCompile Include="Thing.Core\GenericDigitalInput.cpp">
      <Filter>Source Files\Inputs</Filter>
    </ClCompile>
    <ClCompile Include="Thing.Core\GenericInverseDigitalInput.cpp">
      <Filter>Source Files\Inputs</Filter>
    </ClCompile>
    <ClCompile Include="Thing.Core\ThresholdedAnalogInput.cpp">
      <Filter>Source Files\Inputs</Filter>
    </ClCompile>
    <ClCompile Include="Thing.Core\GenericInverseDigitalOutput.cpp">
      <Filter>Source Files\Outputs</Filter>
    </ClCompile>
    <ClCompile Include="Thing.Core\GenericDigitalOutput.cpp">
      <Filter>Source Files\Outputs</Filter>
    </ClCompile>
  </ItemGroup>
  <ItemGroup>
    <ClInclude Include="Thing.Core\AppContainer.h">
      <Filter>Header Files</Filter>
    </ClInclude>
    <ClInclude Include="Thing.Core\AppTaskScheduler.h">
      <Filter>Header Files</Filter>
    </ClInclude>
    <ClInclude Include="Thing.Core\DigitalIOMonitor.h">
      <Filter>Header Files</Filter>
    </ClInclude>
    <ClInclude Include="Thing.Core\DigitalOutputMonitor.h">
      <Filter>Header Files</Filter>
    </ClInclude>
    <ClInclude Include="Thing.Core\HardwareEnumerations.h">
      <Filter>Header Files</Filter>
    </ClInclude>
    <ClInclude Include="Thing.Core\InputHelpers.h">
      <Filter>Header Files</Filter>
    </ClInclude>
    <ClInclude Include="Thing.Core\IoC.h">
      <Filter>Header Files</Filter>
    </ClInclude>
    <ClInclude Include="Thing.Core\IOManager.h">
      <Filter>Header Files</Filter>
    </ClInclude>
    <ClInclude Include="Thing.Core\IOManagerAnalogInput.h">
      <Filter>Header Files</Filter>
    </ClInclude>
    <ClInclude Include="Thing.Core\IOManagerDigitalInput.h">
      <Filter>Header Files</Filter>
    </ClInclude>
    <ClInclude Include="Thing.Core\IOManagerDigitalIO.h">
      <Filter>Header Files</Filter>
    </ClInclude>
    <ClInclude Include="Thing.Core\IOManagerDigitalOutput.h">
      <Filter>Header Files</Filter>
    </ClInclude>
    <ClInclude Include="Thing.Core\IP.h">
      <Filter>Header Files</Filter>
    </ClInclude>
    <ClInclude Include="Thing.Core\LoggerManager.h">
      <Filter>Header Files</Filter>
    </ClInclude>
    <ClInclude Include="Thing.Core\LogLevel.h">
      <Filter>Header Files</Filter>
    </ClInclude>
    <ClInclude Include="Thing.Core\MACAddress.h">
      <Filter>Header Files</Filter>
    </ClInclude>
    <ClInclude Include="Thing.Core\Utils.h">
      <Filter>Header Files</Filter>
    </ClInclude>
    <ClInclude Include="Thing.Core\WiFiBase.h">
      <Filter>Header Files</Filter>
    </ClInclude>
    <ClInclude Include="Thing.Core\GenericAnalogInput.h">
      <Filter>Header Files\Inputs</Filter>
    </ClInclude>
    <ClInclude Include="Thing.Core\GenericDigitalInput.h">
      <Filter>Header Files\Inputs</Filter>
    </ClInclude>
    <ClInclude Include="Thing.Core\GenericDigitalInputBase.h">
      <Filter>Header Files\Inputs</Filter>
    </ClInclude>
    <ClInclude Include="Thing.Core\GenericInverseDigitalInput.h">
      <Filter>Header Files\Inputs</Filter>
    </ClInclude>
    <ClInclude Include="Thing.Core\ThresholdedAnalogInput.h">
      <Filter>Header Files\Inputs</Filter>
    </ClInclude>
    <ClInclude Include="Thing.Core\IAnalogInput.h">
      <Filter>Header Files\Interfaces</Filter>
    </ClInclude>
    <ClInclude Include="Thing.Core\IAnalogIO.h">
      <Filter>Header Files\Interfaces</Filter>
    </ClInclude>
    <ClInclude Include="Thing.Core\IAnalogIOListener.h">
      <Filter>Header Files\Interfaces</Filter>
    </ClInclude>
    <ClInclude Include="Thing.Core\IApp.h">
      <Filter>Header Files\Interfaces</Filter>
    </ClInclude>
    <ClInclude Include="Thing.Core\IAppContainer.h">
      <Filter>Header Files\Interfaces</Filter>
    </ClInclude>
    <ClInclude Include="Thing.Core\IDigitalInput.h">
      <Filter>Header Files\Interfaces</Filter>
    </ClInclude>
    <ClInclude Include="Thing.Core\IDigitalIO.h">
      <Filter>Header Files\Interfaces</Filter>
    </ClInclude>
    <ClInclude Include="Thing.Core\IDigitalIOListeners.h">
      <Filter>Header Files\Interfaces</Filter>
    </ClInclude>
    <ClInclude Include="Thing.Core\IDigitalIOMonitor.h">
      <Filter>Header Files\Interfaces</Filter>
    </ClInclude>
    <ClInclude Include="Thing.Core\IDigitalOutput.h">
      <Filter>Header Files\Interfaces</Filter>
    </ClInclude>
    <ClInclude Include="Thing.Core\IDigitalOutputMonitor.h">
      <Filter>Header Files\Interfaces</Filter>
    </ClInclude>
    <ClInclude Include="Thing.Core\IHardware.h">
      <Filter>Header Files\Interfaces</Filter>
    </ClInclude>
    <ClInclude Include="Thing.Core\ILogger.h">
      <Filter>Header Files\Interfaces</Filter>
    </ClInclude>
    <ClInclude Include="Thing.Core\ILoggerListener.h">
      <Filter>Header Files\Interfaces</Filter>
    </ClInclude>
    <ClInclude Include="Thing.Core\ILoggerManager.h">
      <Filter>Header Files\Interfaces</Filter>
    </ClInclude>
    <ClInclude Include="Thing.Core\IPrinter.h">
      <Filter>Header Files\Interfaces</Filter>
    </ClInclude>
    <ClInclude Include="Thing.Core\IRunnable.h">
      <Filter>Header Files\Interfaces</Filter>
    </ClInclude>
    <ClInclude Include="Thing.Core\ITaskScheduler.h">
      <Filter>Header Files\Interfaces</Filter>
    </ClInclude>
    <ClInclude Include="Thing.Core\IThresholdedAnalogInput.h">
      <Filter>Header Files\Interfaces</Filter>
    </ClInclude>
    <ClInclude Include="Thing.Core\IWiFi.h">
      <Filter>Header Files\Interfaces</Filter>
    </ClInclude>
    <ClInclude Include="Thing.Core\GenericDigitalOutput.h">
      <Filter>Header Files\Outputs</Filter>
    </ClInclude>
    <ClInclude Include="Thing.Core\GenericDigitalOutputBase.h">
      <Filter>Header Files\Outputs</Filter>
    </ClInclude>
    <ClInclude Include="Thing.Core\GenericInverseDigitalOutput.h">
      <Filter>Header Files\Outputs</Filter>
    </ClInclude>
  </ItemGroup>
</Project>